// !$*UTF8*$!
{
	archiveVersion = 1;
	classes = {
	};
	objectVersion = 56;
	objects = {

/* Begin PBXBuildFile section */
		E8113E7C29D46ED00012B3A5 /* AppDelegate.swift in Sources */ = {isa = PBXBuildFile; fileRef = E8113E7B29D46ED00012B3A5 /* AppDelegate.swift */; };
		E8113E7E29D46ED00012B3A5 /* SceneDelegate.swift in Sources */ = {isa = PBXBuildFile; fileRef = E8113E7D29D46ED00012B3A5 /* SceneDelegate.swift */; };
		E8113E8029D46ED00012B3A5 /* ViewController.swift in Sources */ = {isa = PBXBuildFile; fileRef = E8113E7F29D46ED00012B3A5 /* ViewController.swift */; };
		E8113E8329D46ED00012B3A5 /* Main.storyboard in Resources */ = {isa = PBXBuildFile; fileRef = E8113E8129D46ED00012B3A5 /* Main.storyboard */; };
		E8113E8529D46ED10012B3A5 /* Assets.xcassets in Resources */ = {isa = PBXBuildFile; fileRef = E8113E8429D46ED10012B3A5 /* Assets.xcassets */; };
		E8113E8829D46ED10012B3A5 /* LaunchScreen.storyboard in Resources */ = {isa = PBXBuildFile; fileRef = E8113E8629D46ED10012B3A5 /* LaunchScreen.storyboard */; };
		E8113E9329D46ED10012B3A5 /* FilmlerUygulamasiTests.swift in Sources */ = {isa = PBXBuildFile; fileRef = E8113E9229D46ED10012B3A5 /* FilmlerUygulamasiTests.swift */; };
		E8113E9D29D46ED10012B3A5 /* FilmlerUygulamasiUITests.swift in Sources */ = {isa = PBXBuildFile; fileRef = E8113E9C29D46ED10012B3A5 /* FilmlerUygulamasiUITests.swift */; };
		E8113E9F29D46ED10012B3A5 /* FilmlerUygulamasiUITestsLaunchTests.swift in Sources */ = {isa = PBXBuildFile; fileRef = E8113E9E29D46ED10012B3A5 /* FilmlerUygulamasiUITestsLaunchTests.swift */; };
		E8113EAC29D470470012B3A5 /* KategoriHucreTableViewCell.swift in Sources */ = {isa = PBXBuildFile; fileRef = E8113EAB29D470470012B3A5 /* KategoriHucreTableViewCell.swift */; };
		E8113EAE29D4751D0012B3A5 /* FilmHucreCollectionViewCell.swift in Sources */ = {isa = PBXBuildFile; fileRef = E8113EAD29D4751D0012B3A5 /* FilmHucreCollectionViewCell.swift */; };
		E8113EB029D4784E0012B3A5 /* FilmViewController.swift in Sources */ = {isa = PBXBuildFile; fileRef = E8113EAF29D4784E0012B3A5 /* FilmViewController.swift */; };
		E8113EB229D478660012B3A5 /* FilmDetayViewController.swift in Sources */ = {isa = PBXBuildFile; fileRef = E8113EB129D478660012B3A5 /* FilmDetayViewController.swift */; };
		E8113EB429D47B900012B3A5 /* Kategoriler.swift in Sources */ = {isa = PBXBuildFile; fileRef = E8113EB329D47B900012B3A5 /* Kategoriler.swift */; };
		E8113EB629D47BF40012B3A5 /* Yonetmenler.swift in Sources */ = {isa = PBXBuildFile; fileRef = E8113EB529D47BF40012B3A5 /* Yonetmenler.swift */; };
		E8113EB829D47C640012B3A5 /* Filmler.swift in Sources */ = {isa = PBXBuildFile; fileRef = E8113EB729D47C640012B3A5 /* Filmler.swift */; };
		E8BFD0B629D712C100B440EE /* FMDatabaseQueue.m in Sources */ = {isa = PBXBuildFile; fileRef = E8BFD0AC29D712BF00B440EE /* FMDatabaseQueue.m */; };
		E8BFD0B729D712C100B440EE /* FMDatabaseAdditions.m in Sources */ = {isa = PBXBuildFile; fileRef = E8BFD0AD29D712C000B440EE /* FMDatabaseAdditions.m */; };
		E8BFD0B829D712C100B440EE /* FMDatabasePool.m in Sources */ = {isa = PBXBuildFile; fileRef = E8BFD0AF29D712C000B440EE /* FMDatabasePool.m */; };
		E8BFD0B929D712C100B440EE /* FMResultSet.m in Sources */ = {isa = PBXBuildFile; fileRef = E8BFD0B329D712C000B440EE /* FMResultSet.m */; };
		E8BFD0BA29D712C100B440EE /* FMDatabase.m in Sources */ = {isa = PBXBuildFile; fileRef = E8BFD0B529D712C100B440EE /* FMDatabase.m */; };
		E8BFD0BC29D7130000B440EE /* filmler.sqlite in Resources */ = {isa = PBXBuildFile; fileRef = E8BFD0BB29D7130000B440EE /* filmler.sqlite */; };
		E8BFD0BE29D713C200B440EE /* Kategorilerdao.swift in Sources */ = {isa = PBXBuildFile; fileRef = E8BFD0BD29D713C200B440EE /* Kategorilerdao.swift */; };
		E8BFD0C029D713D600B440EE /* Filmlerdao.swift in Sources */ = {isa = PBXBuildFile; fileRef = E8BFD0BF29D713D600B440EE /* Filmlerdao.swift */; };
/* End PBXBuildFile section */

/* Begin PBXContainerItemProxy section */
		E8113E8F29D46ED10012B3A5 /* PBXContainerItemProxy */ = {
			isa = PBXContainerItemProxy;
			containerPortal = E8113E7029D46ED00012B3A5 /* Project object */;
			proxyType = 1;
			remoteGlobalIDString = E8113E7729D46ED00012B3A5;
			remoteInfo = FilmlerUygulamasi;
		};
		E8113E9929D46ED10012B3A5 /* PBXContainerItemProxy */ = {
			isa = PBXContainerItemProxy;
			containerPortal = E8113E7029D46ED00012B3A5 /* Project object */;
			proxyType = 1;
			remoteGlobalIDString = E8113E7729D46ED00012B3A5;
			remoteInfo = FilmlerUygulamasi;
		};
/* End PBXContainerItemProxy section */

/* Begin PBXFileReference section */
		E8113E7829D46ED00012B3A5 /* FilmlerUygulamasi.app */ = {isa = PBXFileReference; explicitFileType = wrapper.application; includeInIndex = 0; path = FilmlerUygulamasi.app; sourceTree = BUILT_PRODUCTS_DIR; };
		E8113E7B29D46ED00012B3A5 /* AppDelegate.swift */ = {isa = PBXFileReference; lastKnownFileType = sourcecode.swift; path = AppDelegate.swift; sourceTree = "<group>"; };
		E8113E7D29D46ED00012B3A5 /* SceneDelegate.swift */ = {isa = PBXFileReference; lastKnownFileType = sourcecode.swift; path = SceneDelegate.swift; sourceTree = "<group>"; };
		E8113E7F29D46ED00012B3A5 /* ViewController.swift */ = {isa = PBXFileReference; lastKnownFileType = sourcecode.swift; path = ViewController.swift; sourceTree = "<group>"; };
		E8113E8229D46ED00012B3A5 /* Base */ = {isa = PBXFileReference; lastKnownFileType = file.storyboard; name = Base; path = Base.lproj/Main.storyboard; sourceTree = "<group>"; };
		E8113E8429D46ED10012B3A5 /* Assets.xcassets */ = {isa = PBXFileReference; lastKnownFileType = folder.assetcatalog; path = Assets.xcassets; sourceTree = "<group>"; };
		E8113E8729D46ED10012B3A5 /* Base */ = {isa = PBXFileReference; lastKnownFileType = file.storyboard; name = Base; path = Base.lproj/LaunchScreen.storyboard; sourceTree = "<group>"; };
		E8113E8929D46ED10012B3A5 /* Info.plist */ = {isa = PBXFileReference; lastKnownFileType = text.plist.xml; path = Info.plist; sourceTree = "<group>"; };
		E8113E8E29D46ED10012B3A5 /* FilmlerUygulamasiTests.xctest */ = {isa = PBXFileReference; explicitFileType = wrapper.cfbundle; includeInIndex = 0; path = FilmlerUygulamasiTests.xctest; sourceTree = BUILT_PRODUCTS_DIR; };
		E8113E9229D46ED10012B3A5 /* FilmlerUygulamasiTests.swift */ = {isa = PBXFileReference; lastKnownFileType = sourcecode.swift; path = FilmlerUygulamasiTests.swift; sourceTree = "<group>"; };
		E8113E9829D46ED10012B3A5 /* FilmlerUygulamasiUITests.xctest */ = {isa = PBXFileReference; explicitFileType = wrapper.cfbundle; includeInIndex = 0; path = FilmlerUygulamasiUITests.xctest; sourceTree = BUILT_PRODUCTS_DIR; };
		E8113E9C29D46ED10012B3A5 /* FilmlerUygulamasiUITests.swift */ = {isa = PBXFileReference; lastKnownFileType = sourcecode.swift; path = FilmlerUygulamasiUITests.swift; sourceTree = "<group>"; };
		E8113E9E29D46ED10012B3A5 /* FilmlerUygulamasiUITestsLaunchTests.swift */ = {isa = PBXFileReference; lastKnownFileType = sourcecode.swift; path = FilmlerUygulamasiUITestsLaunchTests.swift; sourceTree = "<group>"; };
		E8113EAB29D470470012B3A5 /* KategoriHucreTableViewCell.swift */ = {isa = PBXFileReference; lastKnownFileType = sourcecode.swift; path = KategoriHucreTableViewCell.swift; sourceTree = "<group>"; };
		E8113EAD29D4751D0012B3A5 /* FilmHucreCollectionViewCell.swift */ = {isa = PBXFileReference; lastKnownFileType = sourcecode.swift; path = FilmHucreCollectionViewCell.swift; sourceTree = "<group>"; };
		E8113EAF29D4784E0012B3A5 /* FilmViewController.swift */ = {isa = PBXFileReference; lastKnownFileType = sourcecode.swift; path = FilmViewController.swift; sourceTree = "<group>"; };
		E8113EB129D478660012B3A5 /* FilmDetayViewController.swift */ = {isa = PBXFileReference; lastKnownFileType = sourcecode.swift; path = FilmDetayViewController.swift; sourceTree = "<group>"; };
		E8113EB329D47B900012B3A5 /* Kategoriler.swift */ = {isa = PBXFileReference; lastKnownFileType = sourcecode.swift; path = Kategoriler.swift; sourceTree = "<group>"; };
		E8113EB529D47BF40012B3A5 /* Yonetmenler.swift */ = {isa = PBXFileReference; lastKnownFileType = sourcecode.swift; path = Yonetmenler.swift; sourceTree = "<group>"; };
		E8113EB729D47C640012B3A5 /* Filmler.swift */ = {isa = PBXFileReference; lastKnownFileType = sourcecode.swift; path = Filmler.swift; sourceTree = "<group>"; };
		E8BFD0A929D712B000B440EE /* libsqlite3.tbd */ = {isa = PBXFileReference; lastKnownFileType = "sourcecode.text-based-dylib-definition"; name = libsqlite3.tbd; path = usr/lib/libsqlite3.tbd; sourceTree = SDKROOT; };
		E8BFD0AA29D712BF00B440EE /* FilmlerUygulamasi-Bridging-Header.h */ = {isa = PBXFileReference; lastKnownFileType = sourcecode.c.h; path = "FilmlerUygulamasi-Bridging-Header.h"; sourceTree = "<group>"; };
		E8BFD0AB29D712BF00B440EE /* FMDatabase.h */ = {isa = PBXFileReference; fileEncoding = 4; lastKnownFileType = sourcecode.c.h; path = FMDatabase.h; sourceTree = "<group>"; };
		E8BFD0AC29D712BF00B440EE /* FMDatabaseQueue.m */ = {isa = PBXFileReference; fileEncoding = 4; lastKnownFileType = sourcecode.c.objc; path = FMDatabaseQueue.m; sourceTree = "<group>"; };
		E8BFD0AD29D712C000B440EE /* FMDatabaseAdditions.m */ = {isa = PBXFileReference; fileEncoding = 4; lastKnownFileType = sourcecode.c.objc; path = FMDatabaseAdditions.m; sourceTree = "<group>"; };
		E8BFD0AE29D712C000B440EE /* FMDatabaseAdditions.h */ = {isa = PBXFileReference; fileEncoding = 4; lastKnownFileType = sourcecode.c.h; path = FMDatabaseAdditions.h; sourceTree = "<group>"; };
		E8BFD0AF29D712C000B440EE /* FMDatabasePool.m */ = {isa = PBXFileReference; fileEncoding = 4; lastKnownFileType = sourcecode.c.objc; path = FMDatabasePool.m; sourceTree = "<group>"; };
		E8BFD0B029D712C000B440EE /* FMDatabasePool.h */ = {isa = PBXFileReference; fileEncoding = 4; lastKnownFileType = sourcecode.c.h; path = FMDatabasePool.h; sourceTree = "<group>"; };
		E8BFD0B129D712C000B440EE /* FMDatabaseQueue.h */ = {isa = PBXFileReference; fileEncoding = 4; lastKnownFileType = sourcecode.c.h; path = FMDatabaseQueue.h; sourceTree = "<group>"; };
		E8BFD0B229D712C000B440EE /* FMDB.h */ = {isa = PBXFileReference; fileEncoding = 4; lastKnownFileType = sourcecode.c.h; path = FMDB.h; sourceTree = "<group>"; };
		E8BFD0B329D712C000B440EE /* FMResultSet.m */ = {isa = PBXFileReference; fileEncoding = 4; lastKnownFileType = sourcecode.c.objc; path = FMResultSet.m; sourceTree = "<group>"; };
		E8BFD0B429D712C000B440EE /* FMResultSet.h */ = {isa = PBXFileReference; fileEncoding = 4; lastKnownFileType = sourcecode.c.h; path = FMResultSet.h; sourceTree = "<group>"; };
		E8BFD0B529D712C100B440EE /* FMDatabase.m */ = {isa = PBXFileReference; fileEncoding = 4; lastKnownFileType = sourcecode.c.objc; path = FMDatabase.m; sourceTree = "<group>"; };
		E8BFD0BB29D7130000B440EE /* filmler.sqlite */ = {isa = PBXFileReference; lastKnownFileType = file; path = filmler.sqlite; sourceTree = "<group>"; };
		E8BFD0BD29D713C200B440EE /* Kategorilerdao.swift */ = {isa = PBXFileReference; lastKnownFileType = sourcecode.swift; path = Kategorilerdao.swift; sourceTree = "<group>"; };
		E8BFD0BF29D713D600B440EE /* Filmlerdao.swift */ = {isa = PBXFileReference; lastKnownFileType = sourcecode.swift; path = Filmlerdao.swift; sourceTree = "<group>"; };
/* End PBXFileReference section */

/* Begin PBXFrameworksBuildPhase section */
		E8113E7529D46ED00012B3A5 /* Frameworks */ = {
			isa = PBXFrameworksBuildPhase;
			buildActionMask = 2147483647;
			files = (
			);
			runOnlyForDeploymentPostprocessing = 0;
		};
		E8113E8B29D46ED10012B3A5 /* Frameworks */ = {
			isa = PBXFrameworksBuildPhase;
			buildActionMask = 2147483647;
			files = (
			);
			runOnlyForDeploymentPostprocessing = 0;
		};
		E8113E9529D46ED10012B3A5 /* Frameworks */ = {
			isa = PBXFrameworksBuildPhase;
			buildActionMask = 2147483647;
			files = (
			);
			runOnlyForDeploymentPostprocessing = 0;
		};
/* End PBXFrameworksBuildPhase section */

/* Begin PBXGroup section */
		E8113E6F29D46ED00012B3A5 = {
			isa = PBXGroup;
			children = (
				E8113E7A29D46ED00012B3A5 /* FilmlerUygulamasi */,
				E8113E9129D46ED10012B3A5 /* FilmlerUygulamasiTests */,
				E8113E9B29D46ED10012B3A5 /* FilmlerUygulamasiUITests */,
				E8113E7929D46ED00012B3A5 /* Products */,
				E8BFD0A829D712B000B440EE /* Frameworks */,
			);
			sourceTree = "<group>";
		};
		E8113E7929D46ED00012B3A5 /* Products */ = {
			isa = PBXGroup;
			children = (
				E8113E7829D46ED00012B3A5 /* FilmlerUygulamasi.app */,
				E8113E8E29D46ED10012B3A5 /* FilmlerUygulamasiTests.xctest */,
				E8113E9829D46ED10012B3A5 /* FilmlerUygulamasiUITests.xctest */,
			);
			name = Products;
			sourceTree = "<group>";
		};
		E8113E7A29D46ED00012B3A5 /* FilmlerUygulamasi */ = {
			isa = PBXGroup;
			children = (
				E8113E7B29D46ED00012B3A5 /* AppDelegate.swift */,
				E8113E7D29D46ED00012B3A5 /* SceneDelegate.swift */,
				E8113E7F29D46ED00012B3A5 /* ViewController.swift */,
				E8113E8129D46ED00012B3A5 /* Main.storyboard */,
				E8113E8429D46ED10012B3A5 /* Assets.xcassets */,
				E8BFD0AB29D712BF00B440EE /* FMDatabase.h */,
				E8BFD0B529D712C100B440EE /* FMDatabase.m */,
				E8BFD0BB29D7130000B440EE /* filmler.sqlite */,
				E8BFD0AE29D712C000B440EE /* FMDatabaseAdditions.h */,
				E8BFD0AD29D712C000B440EE /* FMDatabaseAdditions.m */,
				E8BFD0B029D712C000B440EE /* FMDatabasePool.h */,
				E8BFD0AF29D712C000B440EE /* FMDatabasePool.m */,
				E8BFD0B129D712C000B440EE /* FMDatabaseQueue.h */,
				E8BFD0AC29D712BF00B440EE /* FMDatabaseQueue.m */,
				E8BFD0B229D712C000B440EE /* FMDB.h */,
				E8BFD0B429D712C000B440EE /* FMResultSet.h */,
				E8BFD0B329D712C000B440EE /* FMResultSet.m */,
				E8113E8629D46ED10012B3A5 /* LaunchScreen.storyboard */,
				E8113E8929D46ED10012B3A5 /* Info.plist */,
				E8113EAB29D470470012B3A5 /* KategoriHucreTableViewCell.swift */,
				E8113EAD29D4751D0012B3A5 /* FilmHucreCollectionViewCell.swift */,
				E8113EAF29D4784E0012B3A5 /* FilmViewController.swift */,
				E8113EB129D478660012B3A5 /* FilmDetayViewController.swift */,
				E8113EB329D47B900012B3A5 /* Kategoriler.swift */,
				E8113EB529D47BF40012B3A5 /* Yonetmenler.swift */,
				E8113EB729D47C640012B3A5 /* Filmler.swift */,
				E8BFD0AA29D712BF00B440EE /* FilmlerUygulamasi-Bridging-Header.h */,
				E8BFD0BD29D713C200B440EE /* Kategorilerdao.swift */,
				E8BFD0BF29D713D600B440EE /* Filmlerdao.swift */,
			);
			path = FilmlerUygulamasi;
			sourceTree = "<group>";
		};
		E8113E9129D46ED10012B3A5 /* FilmlerUygulamasiTests */ = {
			isa = PBXGroup;
			children = (
				E8113E9229D46ED10012B3A5 /* FilmlerUygulamasiTests.swift */,
			);
			path = FilmlerUygulamasiTests;
			sourceTree = "<group>";
		};
		E8113E9B29D46ED10012B3A5 /* FilmlerUygulamasiUITests */ = {
			isa = PBXGroup;
			children = (
				E8113E9C29D46ED10012B3A5 /* FilmlerUygulamasiUITests.swift */,
				E8113E9E29D46ED10012B3A5 /* FilmlerUygulamasiUITestsLaunchTests.swift */,
			);
			path = FilmlerUygulamasiUITests;
			sourceTree = "<group>";
		};
		E8BFD0A829D712B000B440EE /* Frameworks */ = {
			isa = PBXGroup;
			children = (
				E8BFD0A929D712B000B440EE /* libsqlite3.tbd */,
			);
			name = Frameworks;
			sourceTree = "<group>";
		};
/* End PBXGroup section */

/* Begin PBXNativeTarget section */
		E8113E7729D46ED00012B3A5 /* FilmlerUygulamasi */ = {
			isa = PBXNativeTarget;
			buildConfigurationList = E8113EA229D46ED10012B3A5 /* Build configuration list for PBXNativeTarget "FilmlerUygulamasi" */;
			buildPhases = (
				E8113E7429D46ED00012B3A5 /* Sources */,
				E8113E7529D46ED00012B3A5 /* Frameworks */,
				E8113E7629D46ED00012B3A5 /* Resources */,
			);
			buildRules = (
			);
			dependencies = (
			);
			name = FilmlerUygulamasi;
			productName = FilmlerUygulamasi;
			productReference = E8113E7829D46ED00012B3A5 /* FilmlerUygulamasi.app */;
			productType = "com.apple.product-type.application";
		};
		E8113E8D29D46ED10012B3A5 /* FilmlerUygulamasiTests */ = {
			isa = PBXNativeTarget;
			buildConfigurationList = E8113EA529D46ED10012B3A5 /* Build configuration list for PBXNativeTarget "FilmlerUygulamasiTests" */;
			buildPhases = (
				E8113E8A29D46ED10012B3A5 /* Sources */,
				E8113E8B29D46ED10012B3A5 /* Frameworks */,
				E8113E8C29D46ED10012B3A5 /* Resources */,
			);
			buildRules = (
			);
			dependencies = (
				E8113E9029D46ED10012B3A5 /* PBXTargetDependency */,
			);
			name = FilmlerUygulamasiTests;
			productName = FilmlerUygulamasiTests;
			productReference = E8113E8E29D46ED10012B3A5 /* FilmlerUygulamasiTests.xctest */;
			productType = "com.apple.product-type.bundle.unit-test";
		};
		E8113E9729D46ED10012B3A5 /* FilmlerUygulamasiUITests */ = {
			isa = PBXNativeTarget;
			buildConfigurationList = E8113EA829D46ED10012B3A5 /* Build configuration list for PBXNativeTarget "FilmlerUygulamasiUITests" */;
			buildPhases = (
				E8113E9429D46ED10012B3A5 /* Sources */,
				E8113E9529D46ED10012B3A5 /* Frameworks */,
				E8113E9629D46ED10012B3A5 /* Resources */,
			);
			buildRules = (
			);
			dependencies = (
				E8113E9A29D46ED10012B3A5 /* PBXTargetDependency */,
			);
			name = FilmlerUygulamasiUITests;
			productName = FilmlerUygulamasiUITests;
			productReference = E8113E9829D46ED10012B3A5 /* FilmlerUygulamasiUITests.xctest */;
			productType = "com.apple.product-type.bundle.ui-testing";
		};
/* End PBXNativeTarget section */

/* Begin PBXProject section */
		E8113E7029D46ED00012B3A5 /* Project object */ = {
			isa = PBXProject;
			attributes = {
				BuildIndependentTargetsInParallel = 1;
				LastSwiftUpdateCheck = 1420;
				LastUpgradeCheck = 1420;
				TargetAttributes = {
					E8113E7729D46ED00012B3A5 = {
						CreatedOnToolsVersion = 14.2;
						LastSwiftMigration = 1420;
					};
					E8113E8D29D46ED10012B3A5 = {
						CreatedOnToolsVersion = 14.2;
						TestTargetID = E8113E7729D46ED00012B3A5;
					};
					E8113E9729D46ED10012B3A5 = {
						CreatedOnToolsVersion = 14.2;
						TestTargetID = E8113E7729D46ED00012B3A5;
					};
				};
			};
			buildConfigurationList = E8113E7329D46ED00012B3A5 /* Build configuration list for PBXProject "FilmlerUygulamasi" */;
			compatibilityVersion = "Xcode 14.0";
			developmentRegion = en;
			hasScannedForEncodings = 0;
			knownRegions = (
				en,
				Base,
			);
			mainGroup = E8113E6F29D46ED00012B3A5;
			productRefGroup = E8113E7929D46ED00012B3A5 /* Products */;
			projectDirPath = "";
			projectRoot = "";
			targets = (
				E8113E7729D46ED00012B3A5 /* FilmlerUygulamasi */,
				E8113E8D29D46ED10012B3A5 /* FilmlerUygulamasiTests */,
				E8113E9729D46ED10012B3A5 /* FilmlerUygulamasiUITests */,
			);
		};
/* End PBXProject section */

/* Begin PBXResourcesBuildPhase section */
		E8113E7629D46ED00012B3A5 /* Resources */ = {
			isa = PBXResourcesBuildPhase;
			buildActionMask = 2147483647;
			files = (
				E8113E8829D46ED10012B3A5 /* LaunchScreen.storyboard in Resources */,
				E8BFD0BC29D7130000B440EE /* filmler.sqlite in Resources */,
				E8113E8529D46ED10012B3A5 /* Assets.xcassets in Resources */,
				E8113E8329D46ED00012B3A5 /* Main.storyboard in Resources */,
			);
			runOnlyForDeploymentPostprocessing = 0;
		};
		E8113E8C29D46ED10012B3A5 /* Resources */ = {
			isa = PBXResourcesBuildPhase;
			buildActionMask = 2147483647;
			files = (
			);
			runOnlyForDeploymentPostprocessing = 0;
		};
		E8113E9629D46ED10012B3A5 /* Resources */ = {
			isa = PBXResourcesBuildPhase;
			buildActionMask = 2147483647;
			files = (
			);
			runOnlyForDeploymentPostprocessing = 0;
		};
/* End PBXResourcesBuildPhase section */

/* Begin PBXSourcesBuildPhase section */
		E8113E7429D46ED00012B3A5 /* Sources */ = {
			isa = PBXSourcesBuildPhase;
			buildActionMask = 2147483647;
			files = (
				E8113EB629D47BF40012B3A5 /* Yonetmenler.swift in Sources */,
				E8BFD0C029D713D600B440EE /* Filmlerdao.swift in Sources */,
				E8113E8029D46ED00012B3A5 /* ViewController.swift in Sources */,
				E8BFD0B929D712C100B440EE /* FMResultSet.m in Sources */,
				E8BFD0BA29D712C100B440EE /* FMDatabase.m in Sources */,
				E8BFD0B829D712C100B440EE /* FMDatabasePool.m in Sources */,
				E8113EAE29D4751D0012B3A5 /* FilmHucreCollectionViewCell.swift in Sources */,
				E8113EB829D47C640012B3A5 /* Filmler.swift in Sources */,
				E8113E7C29D46ED00012B3A5 /* AppDelegate.swift in Sources */,
				E8113EB229D478660012B3A5 /* FilmDetayViewController.swift in Sources */,
				E8113EAC29D470470012B3A5 /* KategoriHucreTableViewCell.swift in Sources */,
				E8113EB429D47B900012B3A5 /* Kategoriler.swift in Sources */,
				E8BFD0B629D712C100B440EE /* FMDatabaseQueue.m in Sources */,
				E8BFD0BE29D713C200B440EE /* Kategorilerdao.swift in Sources */,
				E8113EB029D4784E0012B3A5 /* FilmViewController.swift in Sources */,
				E8113E7E29D46ED00012B3A5 /* SceneDelegate.swift in Sources */,
				E8BFD0B729D712C100B440EE /* FMDatabaseAdditions.m in Sources */,
			);
			runOnlyForDeploymentPostprocessing = 0;
		};
		E8113E8A29D46ED10012B3A5 /* Sources */ = {
			isa = PBXSourcesBuildPhase;
			buildActionMask = 2147483647;
			files = (
				E8113E9329D46ED10012B3A5 /* FilmlerUygulamasiTests.swift in Sources */,
			);
			runOnlyForDeploymentPostprocessing = 0;
		};
		E8113E9429D46ED10012B3A5 /* Sources */ = {
			isa = PBXSourcesBuildPhase;
			buildActionMask = 2147483647;
			files = (
				E8113E9D29D46ED10012B3A5 /* FilmlerUygulamasiUITests.swift in Sources */,
				E8113E9F29D46ED10012B3A5 /* FilmlerUygulamasiUITestsLaunchTests.swift in Sources */,
			);
			runOnlyForDeploymentPostprocessing = 0;
		};
/* End PBXSourcesBuildPhase section */

/* Begin PBXTargetDependency section */
		E8113E9029D46ED10012B3A5 /* PBXTargetDependency */ = {
			isa = PBXTargetDependency;
			target = E8113E7729D46ED00012B3A5 /* FilmlerUygulamasi */;
			targetProxy = E8113E8F29D46ED10012B3A5 /* PBXContainerItemProxy */;
		};
		E8113E9A29D46ED10012B3A5 /* PBXTargetDependency */ = {
			isa = PBXTargetDependency;
			target = E8113E7729D46ED00012B3A5 /* FilmlerUygulamasi */;
			targetProxy = E8113E9929D46ED10012B3A5 /* PBXContainerItemProxy */;
		};
/* End PBXTargetDependency section */

/* Begin PBXVariantGroup section */
		E8113E8129D46ED00012B3A5 /* Main.storyboard */ = {
			isa = PBXVariantGroup;
			children = (
				E8113E8229D46ED00012B3A5 /* Base */,
			);
			name = Main.storyboard;
			sourceTree = "<group>";
		};
		E8113E8629D46ED10012B3A5 /* LaunchScreen.storyboard */ = {
			isa = PBXVariantGroup;
			children = (
				E8113E8729D46ED10012B3A5 /* Base */,
			);
			name = LaunchScreen.storyboard;
			sourceTree = "<group>";
		};
/* End PBXVariantGroup section */

/* Begin XCBuildConfiguration section */
		E8113EA029D46ED10012B3A5 /* Debug */ = {
			isa = XCBuildConfiguration;
			buildSettings = {
				ALWAYS_SEARCH_USER_PATHS = NO;
				CLANG_ANALYZER_NONNULL = YES;
				CLANG_ANALYZER_NUMBER_OBJECT_CONVERSION = YES_AGGRESSIVE;
				CLANG_CXX_LANGUAGE_STANDARD = "gnu++20";
				CLANG_ENABLE_MODULES = YES;
				CLANG_ENABLE_OBJC_ARC = YES;
				CLANG_ENABLE_OBJC_WEAK = YES;
				CLANG_WARN_BLOCK_CAPTURE_AUTORELEASING = YES;
				CLANG_WARN_BOOL_CONVERSION = YES;
				CLANG_WARN_COMMA = YES;
				CLANG_WARN_CONSTANT_CONVERSION = YES;
				CLANG_WARN_DEPRECATED_OBJC_IMPLEMENTATIONS = YES;
				CLANG_WARN_DIRECT_OBJC_ISA_USAGE = YES_ERROR;
				CLANG_WARN_DOCUMENTATION_COMMENTS = YES;
				CLANG_WARN_EMPTY_BODY = YES;
				CLANG_WARN_ENUM_CONVERSION = YES;
				CLANG_WARN_INFINITE_RECURSION = YES;
				CLANG_WARN_INT_CONVERSION = YES;
				CLANG_WARN_NON_LITERAL_NULL_CONVERSION = YES;
				CLANG_WARN_OBJC_IMPLICIT_RETAIN_SELF = YES;
				CLANG_WARN_OBJC_LITERAL_CONVERSION = YES;
				CLANG_WARN_OBJC_ROOT_CLASS = YES_ERROR;
				CLANG_WARN_QUOTED_INCLUDE_IN_FRAMEWORK_HEADER = YES;
				CLANG_WARN_RANGE_LOOP_ANALYSIS = YES;
				CLANG_WARN_STRICT_PROTOTYPES = YES;
				CLANG_WARN_SUSPICIOUS_MOVE = YES;
				CLANG_WARN_UNGUARDED_AVAILABILITY = YES_AGGRESSIVE;
				CLANG_WARN_UNREACHABLE_CODE = YES;
				CLANG_WARN__DUPLICATE_METHOD_MATCH = YES;
				COPY_PHASE_STRIP = NO;
				DEBUG_INFORMATION_FORMAT = dwarf;
				ENABLE_STRICT_OBJC_MSGSEND = YES;
				ENABLE_TESTABILITY = YES;
				GCC_C_LANGUAGE_STANDARD = gnu11;
				GCC_DYNAMIC_NO_PIC = NO;
				GCC_NO_COMMON_BLOCKS = YES;
				GCC_OPTIMIZATION_LEVEL = 0;
				GCC_PREPROCESSOR_DEFINITIONS = (
					"DEBUG=1",
					"$(inherited)",
				);
				GCC_WARN_64_TO_32_BIT_CONVERSION = YES;
				GCC_WARN_ABOUT_RETURN_TYPE = YES_ERROR;
				GCC_WARN_UNDECLARED_SELECTOR = YES;
				GCC_WARN_UNINITIALIZED_AUTOS = YES_AGGRESSIVE;
				GCC_WARN_UNUSED_FUNCTION = YES;
				GCC_WARN_UNUSED_VARIABLE = YES;
				IPHONEOS_DEPLOYMENT_TARGET = 16.2;
				MTL_ENABLE_DEBUG_INFO = INCLUDE_SOURCE;
				MTL_FAST_MATH = YES;
				ONLY_ACTIVE_ARCH = YES;
				SDKROOT = iphoneos;
				SWIFT_ACTIVE_COMPILATION_CONDITIONS = DEBUG;
				SWIFT_OPTIMIZATION_LEVEL = "-Onone";
			};
			name = Debug;
		};
		E8113EA129D46ED10012B3A5 /* Release */ = {
			isa = XCBuildConfiguration;
			buildSettings = {
				ALWAYS_SEARCH_USER_PATHS = NO;
				CLANG_ANALYZER_NONNULL = YES;
				CLANG_ANALYZER_NUMBER_OBJECT_CONVERSION = YES_AGGRESSIVE;
				CLANG_CXX_LANGUAGE_STANDARD = "gnu++20";
				CLANG_ENABLE_MODULES = YES;
				CLANG_ENABLE_OBJC_ARC = YES;
				CLANG_ENABLE_OBJC_WEAK = YES;
				CLANG_WARN_BLOCK_CAPTURE_AUTORELEASING = YES;
				CLANG_WARN_BOOL_CONVERSION = YES;
				CLANG_WARN_COMMA = YES;
				CLANG_WARN_CONSTANT_CONVERSION = YES;
				CLANG_WARN_DEPRECATED_OBJC_IMPLEMENTATIONS = YES;
				CLANG_WARN_DIRECT_OBJC_ISA_USAGE = YES_ERROR;
				CLANG_WARN_DOCUMENTATION_COMMENTS = YES;
				CLANG_WARN_EMPTY_BODY = YES;
				CLANG_WARN_ENUM_CONVERSION = YES;
				CLANG_WARN_INFINITE_RECURSION = YES;
				CLANG_WARN_INT_CONVERSION = YES;
				CLANG_WARN_NON_LITERAL_NULL_CONVERSION = YES;
				CLANG_WARN_OBJC_IMPLICIT_RETAIN_SELF = YES;
				CLANG_WARN_OBJC_LITERAL_CONVERSION = YES;
				CLANG_WARN_OBJC_ROOT_CLASS = YES_ERROR;
				CLANG_WARN_QUOTED_INCLUDE_IN_FRAMEWORK_HEADER = YES;
				CLANG_WARN_RANGE_LOOP_ANALYSIS = YES;
				CLANG_WARN_STRICT_PROTOTYPES = YES;
				CLANG_WARN_SUSPICIOUS_MOVE = YES;
				CLANG_WARN_UNGUARDED_AVAILABILITY = YES_AGGRESSIVE;
				CLANG_WARN_UNREACHABLE_CODE = YES;
				CLANG_WARN__DUPLICATE_METHOD_MATCH = YES;
				COPY_PHASE_STRIP = NO;
				DEBUG_INFORMATION_FORMAT = "dwarf-with-dsym";
				ENABLE_NS_ASSERTIONS = NO;
				ENABLE_STRICT_OBJC_MSGSEND = YES;
				GCC_C_LANGUAGE_STANDARD = gnu11;
				GCC_NO_COMMON_BLOCKS = YES;
				GCC_WARN_64_TO_32_BIT_CONVERSION = YES;
				GCC_WARN_ABOUT_RETURN_TYPE = YES_ERROR;
				GCC_WARN_UNDECLARED_SELECTOR = YES;
				GCC_WARN_UNINITIALIZED_AUTOS = YES_AGGRESSIVE;
				GCC_WARN_UNUSED_FUNCTION = YES;
				GCC_WARN_UNUSED_VARIABLE = YES;
				IPHONEOS_DEPLOYMENT_TARGET = 16.2;
				MTL_ENABLE_DEBUG_INFO = NO;
				MTL_FAST_MATH = YES;
				SDKROOT = iphoneos;
				SWIFT_COMPILATION_MODE = wholemodule;
				SWIFT_OPTIMIZATION_LEVEL = "-O";
				VALIDATE_PRODUCT = YES;
			};
			name = Release;
		};
		E8113EA329D46ED10012B3A5 /* Debug */ = {
			isa = XCBuildConfiguration;
			buildSettings = {
				ASSETCATALOG_COMPILER_APPICON_NAME = AppIcon;
				ASSETCATALOG_COMPILER_GLOBAL_ACCENT_COLOR_NAME = AccentColor;
				CLANG_ENABLE_MODULES = YES;
				CODE_SIGN_STYLE = Automatic;
				CURRENT_PROJECT_VERSION = 1;
				GENERATE_INFOPLIST_FILE = YES;
				INFOPLIST_FILE = FilmlerUygulamasi/Info.plist;
				INFOPLIST_KEY_UIApplicationSupportsIndirectInputEvents = YES;
				INFOPLIST_KEY_UILaunchStoryboardName = LaunchScreen;
				INFOPLIST_KEY_UIMainStoryboardFile = Main;
				INFOPLIST_KEY_UISupportedInterfaceOrientations_iPad = "UIInterfaceOrientationPortrait UIInterfaceOrientationPortraitUpsideDown UIInterfaceOrientationLandscapeLeft UIInterfaceOrientationLandscapeRight";
				INFOPLIST_KEY_UISupportedInterfaceOrientations_iPhone = "UIInterfaceOrientationPortrait UIInterfaceOrientationLandscapeLeft UIInterfaceOrientationLandscapeRight";
				LD_RUNPATH_SEARCH_PATHS = (
					"$(inherited)",
					"@executable_path/Frameworks",
				);
				MARKETING_VERSION = 1.0;
				PRODUCT_BUNDLE_IDENTIFIER = info.FilmlerUygulamasi;
				PRODUCT_NAME = "$(TARGET_NAME)";
				SWIFT_EMIT_LOC_STRINGS = YES;
				SWIFT_OBJC_BRIDGING_HEADER = "FilmlerUygulamasi/FilmlerUygulamasi-Bridging-Header.h";
				SWIFT_OPTIMIZATION_LEVEL = "-Onone";
				SWIFT_VERSION = 5.0;
				TARGETED_DEVICE_FAMILY = "1,2";
			};
			name = Debug;
		};
		E8113EA429D46ED10012B3A5 /* Release */ = {
			isa = XCBuildConfiguration;
			buildSettings = {
				ASSETCATALOG_COMPILER_APPICON_NAME = AppIcon;
				ASSETCATALOG_COMPILER_GLOBAL_ACCENT_COLOR_NAME = AccentColor;
				CLANG_ENABLE_MODULES = YES;
				CODE_SIGN_STYLE = Automatic;
				CURRENT_PROJECT_VERSION = 1;
				GENERATE_INFOPLIST_FILE = YES;
				INFOPLIST_FILE = FilmlerUygulamasi/Info.plist;
				INFOPLIST_KEY_UIApplicationSupportsIndirectInputEvents = YES;
				INFOPLIST_KEY_UILaunchStoryboardName = LaunchScreen;
				INFOPLIST_KEY_UIMainStoryboardFile = Main;
				INFOPLIST_KEY_UISupportedInterfaceOrientations_iPad = "UIInterfaceOrientationPortrait UIInterfaceOrientationPortraitUpsideDown UIInterfaceOrientationLandscapeLeft UIInterfaceOrientationLandscapeRight";
				INFOPLIST_KEY_UISupportedInterfaceOrientations_iPhone = "UIInterfaceOrientationPortrait UIInterfaceOrientationLandscapeLeft UIInterfaceOrientationLandscapeRight";
				LD_RUNPATH_SEARCH_PATHS = (
					"$(inherited)",
					"@executable_path/Frameworks",
				);
				MARKETING_VERSION = 1.0;
				PRODUCT_BUNDLE_IDENTIFIER = info.FilmlerUygulamasi;
				PRODUCT_NAME = "$(TARGET_NAME)";
				SWIFT_EMIT_LOC_STRINGS = YES;
				SWIFT_OBJC_BRIDGING_HEADER = "FilmlerUygulamasi/FilmlerUygulamasi-Bridging-Header.h";
				SWIFT_VERSION = 5.0;
				TARGETED_DEVICE_FAMILY = "1,2";
			};
			name = Release;
		};
		E8113EA629D46ED10012B3A5 /* Debug */ = {
			isa = XCBuildConfiguration;
			buildSettings = {
				ALWAYS_EMBED_SWIFT_STANDARD_LIBRARIES = YES;
				BUNDLE_LOADER = "$(TEST_HOST)";
				CODE_SIGN_STYLE = Automatic;
				CURRENT_PROJECT_VERSION = 1;
				GENERATE_INFOPLIST_FILE = YES;
				IPHONEOS_DEPLOYMENT_TARGET = 16.2;
				MARKETING_VERSION = 1.0;
				PRODUCT_BUNDLE_IDENTIFIER = info.FilmlerUygulamasiTests;
				PRODUCT_NAME = "$(TARGET_NAME)";
				SWIFT_EMIT_LOC_STRINGS = NO;
				SWIFT_VERSION = 5.0;
				TARGETED_DEVICE_FAMILY = "1,2";
				TEST_HOST = "$(BUILT_PRODUCTS_DIR)/FilmlerUygulamasi.app/$(BUNDLE_EXECUTABLE_FOLDER_PATH)/FilmlerUygulamasi";
			};
			name = Debug;
		};
		E8113EA729D46ED10012B3A5 /* Release */ = {
			isa = XCBuildConfiguration;
			buildSettings = {
				ALWAYS_EMBED_SWIFT_STANDARD_LIBRARIES = YES;
				BUNDLE_LOADER = "$(TEST_HOST)";
				CODE_SIGN_STYLE = Automatic;
				CURRENT_PROJECT_VERSION = 1;
				GENERATE_INFOPLIST_FILE = YES;
				IPHONEOS_DEPLOYMENT_TARGET = 16.2;
				MARKETING_VERSION = 1.0;
				PRODUCT_BUNDLE_IDENTIFIER = info.FilmlerUygulamasiTests;
				PRODUCT_NAME = "$(TARGET_NAME)";
				SWIFT_EMIT_LOC_STRINGS = NO;
				SWIFT_VERSION = 5.0;
				TARGETED_DEVICE_FAMILY = "1,2";
				TEST_HOST = "$(BUILT_PRODUCTS_DIR)/FilmlerUygulamasi.app/$(BUNDLE_EXECUTABLE_FOLDER_PATH)/FilmlerUygulamasi";
			};
			name = Release;
		};
		E8113EA929D46ED10012B3A5 /* Debug */ = {
			isa = XCBuildConfiguration;
			buildSettings = {
				ALWAYS_EMBED_SWIFT_STANDARD_LIBRARIES = YES;
				CODE_SIGN_STYLE = Automatic;
				CURRENT_PROJECT_VERSION = 1;
				GENERATE_INFOPLIST_FILE = YES;
				MARKETING_VERSION = 1.0;
				PRODUCT_BUNDLE_IDENTIFIER = info.FilmlerUygulamasiUITests;
				PRODUCT_NAME = "$(TARGET_NAME)";
				SWIFT_EMIT_LOC_STRINGS = NO;
				SWIFT_VERSION = 5.0;
				TARGETED_DEVICE_FAMILY = "1,2";
				TEST_TARGET_NAME = FilmlerUygulamasi;
			};
			name = Debug;
		};
		E8113EAA29D46ED10012B3A5 /* Release */ = {
			isa = XCBuildConfiguration;
			buildSettings = {
				ALWAYS_EMBED_SWIFT_STANDARD_LIBRARIES = YES;
				CODE_SIGN_STYLE = Automatic;
				CURRENT_PROJECT_VERSION = 1;
				GENERATE_INFOPLIST_FILE = YES;
				MARKETING_VERSION = 1.0;
				PRODUCT_BUNDLE_IDENTIFIER = info.FilmlerUygulamasiUITests;
				PRODUCT_NAME = "$(TARGET_NAME)";
				SWIFT_EMIT_LOC_STRINGS = NO;
				SWIFT_VERSION = 5.0;
				TARGETED_DEVICE_FAMILY = "1,2";
				TEST_TARGET_NAME = FilmlerUygulamasi;
			};
			name = Release;
		};
/* End XCBuildConfiguration section */

/* Begin XCConfigurationList section */
		E8113E7329D46ED00012B3A5 /* Build configuration list for PBXProject "FilmlerUygulamasi" */ = {
			isa = XCConfigurationList;
			buildConfigurations = (
				E8113EA029D46ED10012B3A5 /* Debug */,
				E8113EA129D46ED10012B3A5 /* Release */,
			);
			defaultConfigurationIsVisible = 0;
			defaultConfigurationName = Release;
		};
		E8113EA229D46ED10012B3A5 /* Build configuration list for PBXNativeTarget "FilmlerUygulamasi" */ = {
			isa = XCConfigurationList;
			buildConfigurations = (
				E8113EA329D46ED10012B3A5 /* Debug */,
				E8113EA429D46ED10012B3A5 /* Release */,
			);
			defaultConfigurationIsVisible = 0;
			defaultConfigurationName = Release;
		};
		E8113EA529D46ED10012B3A5 /* Build configuration list for PBXNativeTarget "FilmlerUygulamasiTests" */ = {
			isa = XCConfigurationList;
			buildConfigurations = (
				E8113EA629D46ED10012B3A5 /* Debug */,
				E8113EA729D46ED10012B3A5 /* Release */,
			);
			defaultConfigurationIsVisible = 0;
			defaultConfigurationName = Release;
		};
		E8113EA829D46ED10012B3A5 /* Build configuration list for PBXNativeTarget "FilmlerUygulamasiUITests" */ = {
			isa = XCConfigurationList;
			buildConfigurations = (
				E8113EA929D46ED10012B3A5 /* Debug */,
				E8113EAA29D46ED10012B3A5 /* Release */,
			);
			defaultConfigurationIsVisible = 0;
			defaultConfigurationName = Release;
		};
/* End XCConfigurationList section */
	};
	rootObject = E8113E7029D46ED00012B3A5 /* Project object */;
}
